<Solution>
  <Folder Name="/example/">
    <Project Path="example/AniInstaller/AniInstaller.csproj" />
    <Project Path="example/Example/Example.csproj" />
  </Folder>
  <Folder Name="/Solution Items/">
    <File Path=".editorconfig" />
    <File Path=".gitattributes" />
    <File Path=".gitignore" />
    <File Path="Directory.Build.props" />
    <File Path="Directory.Packages.props" />
    <File Path="global.json" />
    <File Path="LICENSE" />
    <File Path="nuget.config" />
  </Folder>
  <Project Path="src/Shimakaze.UI.Core/Shimakaze.UI.Core.csproj" />
  <Project Path="src/Shimakaze.UI.Glfw/Shimakaze.UI.Glfw.csproj" />
  <Project Path="src/Shimakaze.UI.Input/Shimakaze.UI.Input.csproj" />
  <Project Path="src/Shimakaze.UI.Media/Shimakaze.UI.Media.csproj" />
  <Project Path="src/Shimakaze.UI.Rendering.OpenGL/Shimakaze.UI.Rendering.OpenGL.csproj" />
  <Project Path="src/Shimakaze.UI.Rendering/Shimakaze.UI.Rendering.csproj" />
</Solution>
